
Microsoft Visual Studio Solution File, Format Version 12.00
# Visual Studio Version 16
VisualStudioVersion = 16.0.29806.167
MinimumVisualStudioVersion = 10.0.40219.1
Project("{2150E333-8FDC-42A3-9474-1A3956D46DE8}") = "1- Sum of Biggest Neighbor", "1- Sum of Biggest Neighbor", "{C13187CF-7A04-45FD-8D64-D473701B8A4B}"
	ProjectSection(SolutionItems) = preProject
		1- Sum of Biggest Neighbor\Question 1.docx = 1- Sum of Biggest Neighbor\Question 1.docx
	EndProjectSection
EndProject
Project("{9A19103F-16F7-4668-BE54-9A1E7A4F7556}") = "SumofBiggestNeighbor", "1- Sum of Biggest Neighbor\SumofBiggestNeighbor\SumofBiggestNeighbor.csproj", "{B92446D2-6B08-48FE-88EE-71935292DCEB}"
EndProject
Project("{9A19103F-16F7-4668-BE54-9A1E7A4F7556}") = "SumofBiggestNeighbor.Tests", "1- Sum of Biggest Neighbor\SumofBiggestNeighbor.Tests\SumofBiggestNeighbor.Tests.csproj", "{ADDE376A-FA9D-40D3-8833-DECC809AF02C}"
EndProject
Project("{2150E333-8FDC-42A3-9474-1A3956D46DE8}") = "2- User Class", "2- User Class", "{CCED4E7B-66B5-439D-9430-79097AE6CE38}"
	ProjectSection(SolutionItems) = preProject
		2- User Class\Question 2.docx = 2- User Class\Question 2.docx
	EndProjectSection
EndProject
Project("{9A19103F-16F7-4668-BE54-9A1E7A4F7556}") = "UserClass", "2- User Class\UserClass\UserClass.csproj", "{1210B294-5322-45DB-8CF9-934B97988E71}"
EndProject
Project("{2150E333-8FDC-42A3-9474-1A3956D46DE8}") = "3- John the Robot", "3- John the Robot", "{5C42C63D-8DBE-4104-AA24-FB4AEE632B96}"
	ProjectSection(SolutionItems) = preProject
		3- John the Robot\Question 3.docx = 3- John the Robot\Question 3.docx
	EndProjectSection
EndProject
Project("{9A19103F-16F7-4668-BE54-9A1E7A4F7556}") = "JohnTheRobot", "3- John the Robot\JohnTheRobot\JohnTheRobot.csproj", "{70ECF150-F759-496C-A7F7-D3D045483B07}"
EndProject
Project("{2150E333-8FDC-42A3-9474-1A3956D46DE8}") = "4- Alexa Settings", "4- Alexa Settings", "{7BCCDC1B-71B8-46E4-ADD2-541161A4E8DD}"
	ProjectSection(SolutionItems) = preProject
		4- Alexa Settings\Question 4.docx = 4- Alexa Settings\Question 4.docx
	EndProjectSection
EndProject
Project("{9A19103F-16F7-4668-BE54-9A1E7A4F7556}") = "AlexaSettings", "4- Alexa Settings\AlexaSettings\AlexaSettings.csproj", "{FFC1E23D-D995-43CE-9F04-49DE7939D86A}"
EndProject
Project("{2150E333-8FDC-42A3-9474-1A3956D46DE8}") = "5- Method Signature", "5- Method Signature", "{72E77FE2-116B-4620-9A42-CBFD86DEAD51}"
	ProjectSection(SolutionItems) = preProject
		5- Method Signature\Question 5.docx = 5- Method Signature\Question 5.docx
	EndProjectSection
EndProject
Project("{2150E333-8FDC-42A3-9474-1A3956D46DE8}") = "6- Construction Game", "6- Construction Game", "{4F7EDF9F-55A3-4F28-969E-256E3308CC5B}"
	ProjectSection(SolutionItems) = preProject
		6- Construction Game\Question 6.docx = 6- Construction Game\Question 6.docx
	EndProjectSection
EndProject
Project("{2150E333-8FDC-42A3-9474-1A3956D46DE8}") = "7- ES6 Import", "7- ES6 Import", "{BD06C4CD-C796-4859-95C6-CE9A792A608D}"
	ProjectSection(SolutionItems) = preProject
		7- ES6 Import\Question 7.docx = 7- ES6 Import\Question 7.docx
	EndProjectSection
EndProject
Project("{2150E333-8FDC-42A3-9474-1A3956D46DE8}") = "8- (optional) Typescript Mastery", "8- (optional) Typescript Mastery", "{40A52CFC-E911-4180-8AD2-5BB8F43A1120}"
	ProjectSection(SolutionItems) = preProject
		8- (optional) Typescript Mastery\Question 8.docx = 8- (optional) Typescript Mastery\Question 8.docx
	EndProjectSection
EndProject
Project("{9A19103F-16F7-4668-BE54-9A1E7A4F7556}") = "ConstructionGame", "6- Construction Game\ConstructionGame\ConstructionGame.csproj", "{5CB2E9F9-CECB-46E1-8741-0E49D2252156}"
EndProject
Global
	GlobalSection(SolutionConfigurationPlatforms) = preSolution
		Debug|Any CPU = Debug|Any CPU
		Release|Any CPU = Release|Any CPU
	EndGlobalSection
	GlobalSection(ProjectConfigurationPlatforms) = postSolution
		{B92446D2-6B08-48FE-88EE-71935292DCEB}.Debug|Any CPU.ActiveCfg = Debug|Any CPU
		{B92446D2-6B08-48FE-88EE-71935292DCEB}.Debug|Any CPU.Build.0 = Debug|Any CPU
		{B92446D2-6B08-48FE-88EE-71935292DCEB}.Release|Any CPU.ActiveCfg = Release|Any CPU
		{B92446D2-6B08-48FE-88EE-71935292DCEB}.Release|Any CPU.Build.0 = Release|Any CPU
		{ADDE376A-FA9D-40D3-8833-DECC809AF02C}.Debug|Any CPU.ActiveCfg = Debug|Any CPU
		{ADDE376A-FA9D-40D3-8833-DECC809AF02C}.Debug|Any CPU.Build.0 = Debug|Any CPU
		{ADDE376A-FA9D-40D3-8833-DECC809AF02C}.Release|Any CPU.ActiveCfg = Release|Any CPU
		{ADDE376A-FA9D-40D3-8833-DECC809AF02C}.Release|Any CPU.Build.0 = Release|Any CPU
		{1210B294-5322-45DB-8CF9-934B97988E71}.Debug|Any CPU.ActiveCfg = Debug|Any CPU
		{1210B294-5322-45DB-8CF9-934B97988E71}.Debug|Any CPU.Build.0 = Debug|Any CPU
		{1210B294-5322-45DB-8CF9-934B97988E71}.Release|Any CPU.ActiveCfg = Release|Any CPU
		{1210B294-5322-45DB-8CF9-934B97988E71}.Release|Any CPU.Build.0 = Release|Any CPU
		{70ECF150-F759-496C-A7F7-D3D045483B07}.Debug|Any CPU.ActiveCfg = Debug|Any CPU
		{70ECF150-F759-496C-A7F7-D3D045483B07}.Debug|Any CPU.Build.0 = Debug|Any CPU
		{70ECF150-F759-496C-A7F7-D3D045483B07}.Release|Any CPU.ActiveCfg = Release|Any CPU
		{70ECF150-F759-496C-A7F7-D3D045483B07}.Release|Any CPU.Build.0 = Release|Any CPU
		{FFC1E23D-D995-43CE-9F04-49DE7939D86A}.Debug|Any CPU.ActiveCfg = Debug|Any CPU
		{FFC1E23D-D995-43CE-9F04-49DE7939D86A}.Debug|Any CPU.Build.0 = Debug|Any CPU
		{FFC1E23D-D995-43CE-9F04-49DE7939D86A}.Release|Any CPU.ActiveCfg = Release|Any CPU
		{FFC1E23D-D995-43CE-9F04-49DE7939D86A}.Release|Any CPU.Build.0 = Release|Any CPU
		{5CB2E9F9-CECB-46E1-8741-0E49D2252156}.Debug|Any CPU.ActiveCfg = Debug|Any CPU
		{5CB2E9F9-CECB-46E1-8741-0E49D2252156}.Debug|Any CPU.Build.0 = Debug|Any CPU
		{5CB2E9F9-CECB-46E1-8741-0E49D2252156}.Release|Any CPU.ActiveCfg = Release|Any CPU
		{5CB2E9F9-CECB-46E1-8741-0E49D2252156}.Release|Any CPU.Build.0 = Release|Any CPU
	EndGlobalSection
	GlobalSection(SolutionProperties) = preSolution
		HideSolutionNode = FALSE
	EndGlobalSection
	GlobalSection(NestedProjects) = preSolution
		{B92446D2-6B08-48FE-88EE-71935292DCEB} = {C13187CF-7A04-45FD-8D64-D473701B8A4B}
		{ADDE376A-FA9D-40D3-8833-DECC809AF02C} = {C13187CF-7A04-45FD-8D64-D473701B8A4B}
		{1210B294-5322-45DB-8CF9-934B97988E71} = {CCED4E7B-66B5-439D-9430-79097AE6CE38}
		{70ECF150-F759-496C-A7F7-D3D045483B07} = {5C42C63D-8DBE-4104-AA24-FB4AEE632B96}
		{FFC1E23D-D995-43CE-9F04-49DE7939D86A} = {7BCCDC1B-71B8-46E4-ADD2-541161A4E8DD}
		{5CB2E9F9-CECB-46E1-8741-0E49D2252156} = {4F7EDF9F-55A3-4F28-969E-256E3308CC5B}
	EndGlobalSection
	GlobalSection(ExtensibilityGlobals) = postSolution
		SolutionGuid = {05A4B56B-53FD-4F27-B771-8CCC90610E52}
	EndGlobalSection
EndGlobal
